
Microsoft Visual Studio Solution File, Format Version 12.00
# Visual Studio Version 17
VisualStudioVersion = 17.7.34221.43
MinimumVisualStudioVersion = 10.0.40219.1
Project("{FAE04EC0-301F-11D3-BF4B-00C04F79EFBC}") = "Windows_Lab_3", "Windows_Lab_3\Windows_Lab_3.csproj", "{190D918C-A07C-4183-8F00-FA5BC44A0D1E}"
EndProject
Global
	GlobalSection(SolutionConfigurationPlatforms) = preSolution
		Debug|Any CPU = Debug|Any CPU
		Release|Any CPU = Release|Any CPU
	EndGlobalSection
	GlobalSection(ProjectConfigurationPlatforms) = postSolution
		{190D918C-A07C-4183-8F00-FA5BC44A0D1E}.Debug|Any CPU.ActiveCfg = Debug|Any CPU
		{190D918C-A07C-4183-8F00-FA5BC44A0D1E}.Debug|Any CPU.Build.0 = Debug|Any CPU
		{190D918C-A07C-4183-8F00-FA5BC44A0D1E}.Release|Any CPU.ActiveCfg = Release|Any CPU
		{190D918C-A07C-4183-8F00-FA5BC44A0D1E}.Release|Any CPU.Build.0 = Release|Any CPU
	EndGlobalSection
	GlobalSection(SolutionProperties) = preSolution
		HideSolutionNode = FALSE
	EndGlobalSection
	GlobalSection(ExtensibilityGlobals) = postSolution
		SolutionGuid = {0FF144FB-9E67-4AFD-9849-DAED6A3373F9}
	EndGlobalSection
EndGlobal
